{
  "name": "Colloquy of Mobiles Virtual Simulation",
  "lockfileVersion": 3,
  "requires": true,
  "packages": {
    "": {
      "name": "Colloquy of Mobiles Virtual Simulation",
      "dependencies": {
        "p5": "^1.10.0",
        "p5.easycam": "^1.0.1"
      }
    },
    "node_modules/p5": {
      "version": "1.10.0",
      "resolved": "https://registry.npmjs.org/p5/-/p5-1.10.0.tgz",
      "integrity": "sha512-6cWYBFhnZz7jNC6p1VWvlt3QReMqrRSmO90bgECQIKB9oko2w/sKrOAVMyei5tjIzSYcSY0JHy+BRtSAWq24jQ=="
    },
    "node_modules/p5.easycam": {
      "version": "1.0.1",
      "resolved": "https://registry.npmjs.org/p5.easycam/-/p5.easycam-1.0.1.tgz",
      "integrity": "sha512-gXY9PkBgUVO9VaFJG+gnT50EYPrrlV6vcXj4nsKNL0VcZUd2LLnWKZHnjeqL5hgQ+Ls1VHozgN6AqPdXlqEikg=="
    }
  }
}
